
Microsoft Visual Studio Solution File, Format Version 12.00
# Visual Studio 14
VisualStudioVersion = 14.0.25123.0
MinimumVisualStudioVersion = 10.0.40219.1
Project("{F2A71F9B-5D33-465A-A702-920D77279786}") = "ProjectEuler", "ProjectEuler\ProjectEuler.fsproj", "{0F883F7F-13C0-4316-B49B-2A9F72B28C9C}"
EndProject
Project("{F2A71F9B-5D33-465A-A702-920D77279786}") = "Problems", "Problems\Problems.fsproj", "{97DB495A-034F-4FE2-8859-CD4EBE0797FB}"
EndProject
Project("{2150E333-8FDC-42A3-9474-1A3956D46DE8}") = "Haskell", "Haskell", "{36EF0E14-73FC-487F-9E21-BEB161C07FAD}"
EndProject
Project("{2150E333-8FDC-42A3-9474-1A3956D46DE8}") = "Problems", "Problems", "{0D6DA285-0D90-4797-A3E8-4B08096D098C}"
	ProjectSection(SolutionItems) = preProject
		..\haskell\src\Euler\Problems\P001.hs = ..\haskell\src\Euler\Problems\P001.hs
		..\haskell\src\Euler\Problems\P002.hs = ..\haskell\src\Euler\Problems\P002.hs
		..\haskell\src\Euler\Problems\P003.hs = ..\haskell\src\Euler\Problems\P003.hs
		..\haskell\src\Euler\Problems\P004.hs = ..\haskell\src\Euler\Problems\P004.hs
		..\haskell\src\Euler\Problems\P005.hs = ..\haskell\src\Euler\Problems\P005.hs
		..\haskell\src\Euler\Problems\P006.hs = ..\haskell\src\Euler\Problems\P006.hs
		..\haskell\src\Euler\Problems\P007.hs = ..\haskell\src\Euler\Problems\P007.hs
		..\haskell\src\Euler\Problems\P008.hs = ..\haskell\src\Euler\Problems\P008.hs
		..\haskell\src\Euler\Problems\P009.hs = ..\haskell\src\Euler\Problems\P009.hs
		..\haskell\src\Euler\Problems\P010.hs = ..\haskell\src\Euler\Problems\P010.hs
		..\haskell\src\Euler\Problems\P011.hs = ..\haskell\src\Euler\Problems\P011.hs
		..\haskell\src\Euler\Problems\P012.hs = ..\haskell\src\Euler\Problems\P012.hs
		..\haskell\src\Euler\Problems\P013.hs = ..\haskell\src\Euler\Problems\P013.hs
		..\haskell\src\Euler\Problems\P014.hs = ..\haskell\src\Euler\Problems\P014.hs
		..\haskell\src\Euler\Problems\P015.hs = ..\haskell\src\Euler\Problems\P015.hs
		..\haskell\src\Euler\Problems\P016.hs = ..\haskell\src\Euler\Problems\P016.hs
		..\haskell\src\Euler\Problems\P017.hs = ..\haskell\src\Euler\Problems\P017.hs
		..\haskell\src\Euler\Problems\P018.hs = ..\haskell\src\Euler\Problems\P018.hs
		..\haskell\src\Euler\Problems\P019.hs = ..\haskell\src\Euler\Problems\P019.hs
		..\haskell\src\Euler\Problems\P020.hs = ..\haskell\src\Euler\Problems\P020.hs
		..\haskell\src\Euler\Problems\P021.hs = ..\haskell\src\Euler\Problems\P021.hs
		..\haskell\src\Euler\Problems\P022.hs = ..\haskell\src\Euler\Problems\P022.hs
		..\haskell\src\Euler\Problems\P023.hs = ..\haskell\src\Euler\Problems\P023.hs
		..\haskell\src\Euler\Problems\P024.hs = ..\haskell\src\Euler\Problems\P024.hs
		..\haskell\src\Euler\Problems\P025.hs = ..\haskell\src\Euler\Problems\P025.hs
		..\haskell\src\Euler\Problems\P026.hs = ..\haskell\src\Euler\Problems\P026.hs
		..\haskell\src\Euler\Problems\P027.hs = ..\haskell\src\Euler\Problems\P027.hs
		..\haskell\src\Euler\Problems\P028.hs = ..\haskell\src\Euler\Problems\P028.hs
		..\haskell\src\Euler\Problems\P029.hs = ..\haskell\src\Euler\Problems\P029.hs
		..\haskell\src\Euler\Problems\P030.hs = ..\haskell\src\Euler\Problems\P030.hs
		..\haskell\src\Euler\Problems\P031.hs = ..\haskell\src\Euler\Problems\P031.hs
		..\haskell\src\Euler\Problems\P032.hs = ..\haskell\src\Euler\Problems\P032.hs
		..\haskell\src\Euler\Problems\P033.hs = ..\haskell\src\Euler\Problems\P033.hs
		..\haskell\src\Euler\Problems\P034.hs = ..\haskell\src\Euler\Problems\P034.hs
		..\haskell\src\Euler\Problems\P035.hs = ..\haskell\src\Euler\Problems\P035.hs
		..\haskell\src\Euler\Problems\P036.hs = ..\haskell\src\Euler\Problems\P036.hs
		..\haskell\src\Euler\Problems\P037.hs = ..\haskell\src\Euler\Problems\P037.hs
		..\haskell\src\Euler\Problems\P038.hs = ..\haskell\src\Euler\Problems\P038.hs
		..\haskell\src\Euler\Problems\P039.hs = ..\haskell\src\Euler\Problems\P039.hs
		..\haskell\src\Euler\Problems\P040.hs = ..\haskell\src\Euler\Problems\P040.hs
		..\haskell\src\Euler\Problems\P041.hs = ..\haskell\src\Euler\Problems\P041.hs
		..\haskell\src\Euler\Problems\P043.hs = ..\haskell\src\Euler\Problems\P043.hs
		..\haskell\src\Euler\Problems\P045.hs = ..\haskell\src\Euler\Problems\P045.hs
		..\haskell\src\Euler\Problems\P046.hs = ..\haskell\src\Euler\Problems\P046.hs
		..\haskell\src\Euler\Problems\P048.hs = ..\haskell\src\Euler\Problems\P048.hs
		..\haskell\src\Euler\Problems\P056.hs = ..\haskell\src\Euler\Problems\P056.hs
		..\haskell\src\Euler\Problems\P096.hs = ..\haskell\src\Euler\Problems\P096.hs
	EndProjectSection
EndProject
Project("{F2A71F9B-5D33-465A-A702-920D77279786}") = "Data", "Data\Data.fsproj", "{3F1B4182-0557-4249-9818-3779D2F82B4F}"
EndProject
Project("{2150E333-8FDC-42A3-9474-1A3956D46DE8}") = "Euler", "Euler", "{67E83BA0-BE49-4652-B6DC-A05EEF4AE977}"
	ProjectSection(SolutionItems) = preProject
		..\haskell\src\Euler\Combinatorics.hs = ..\haskell\src\Euler\Combinatorics.hs
		..\haskell\src\Euler\NumberProperties.hs = ..\haskell\src\Euler\NumberProperties.hs
		..\haskell\src\Euler\NumberTheory.hs = ..\haskell\src\Euler\NumberTheory.hs
		..\haskell\src\Euler\ONeillPrimes.hs = ..\haskell\src\Euler\ONeillPrimes.hs
		..\haskell\src\Euler\Problems.hs = ..\haskell\src\Euler\Problems.hs
		..\haskell\src\Euler\Sequences.hs = ..\haskell\src\Euler\Sequences.hs
	EndProjectSection
EndProject
Project("{F2A71F9B-5D33-465A-A702-920D77279786}") = "NumberTheory", "NumberTheory\NumberTheory.fsproj", "{5BBFA590-2134-49E5-966F-1701062F0422}"
EndProject
Project("{8BC9CEB8-8B4A-11D0-8D11-00A0C91BC942}") = "primeSieveWrapper", "primeSieveWrapper\primeSieveWrapper.vcxproj", "{39C20E8F-5CD7-44BE-A071-396E53194E5B}"
EndProject
Project("{8BC9CEB8-8B4A-11D0-8D11-00A0C91BC942}") = "primeSieve", "primeSieve\primeSieve.vcxproj", "{02715B70-E639-4405-A07E-BED28CE17471}"
EndProject
Project("{FAE04EC0-301F-11D3-BF4B-00C04F79EFBC}") = "SimplePrimeWrapper", "SimplePrimeWrapper\SimplePrimeWrapper.csproj", "{D681E5E6-A21C-41AF-B24F-965A583175C6}"
EndProject
Global
	GlobalSection(SolutionConfigurationPlatforms) = preSolution
		Debug|Any CPU = Debug|Any CPU
		Debug|x64 = Debug|x64
		Release|Any CPU = Release|Any CPU
		Release|x64 = Release|x64
	EndGlobalSection
	GlobalSection(ProjectConfigurationPlatforms) = postSolution
		{0F883F7F-13C0-4316-B49B-2A9F72B28C9C}.Debug|Any CPU.ActiveCfg = Debug|Any CPU
		{0F883F7F-13C0-4316-B49B-2A9F72B28C9C}.Debug|Any CPU.Build.0 = Debug|Any CPU
		{0F883F7F-13C0-4316-B49B-2A9F72B28C9C}.Debug|x64.ActiveCfg = Debug|x64
		{0F883F7F-13C0-4316-B49B-2A9F72B28C9C}.Debug|x64.Build.0 = Debug|x64
		{0F883F7F-13C0-4316-B49B-2A9F72B28C9C}.Release|Any CPU.ActiveCfg = Release|Any CPU
		{0F883F7F-13C0-4316-B49B-2A9F72B28C9C}.Release|Any CPU.Build.0 = Release|Any CPU
		{0F883F7F-13C0-4316-B49B-2A9F72B28C9C}.Release|x64.ActiveCfg = Release|Any CPU
		{0F883F7F-13C0-4316-B49B-2A9F72B28C9C}.Release|x64.Build.0 = Release|Any CPU
		{97DB495A-034F-4FE2-8859-CD4EBE0797FB}.Debug|Any CPU.ActiveCfg = Debug|Any CPU
		{97DB495A-034F-4FE2-8859-CD4EBE0797FB}.Debug|Any CPU.Build.0 = Debug|Any CPU
		{97DB495A-034F-4FE2-8859-CD4EBE0797FB}.Debug|x64.ActiveCfg = Debug|x64
		{97DB495A-034F-4FE2-8859-CD4EBE0797FB}.Debug|x64.Build.0 = Debug|x64
		{97DB495A-034F-4FE2-8859-CD4EBE0797FB}.Release|Any CPU.ActiveCfg = Release|Any CPU
		{97DB495A-034F-4FE2-8859-CD4EBE0797FB}.Release|Any CPU.Build.0 = Release|Any CPU
		{97DB495A-034F-4FE2-8859-CD4EBE0797FB}.Release|x64.ActiveCfg = Release|Any CPU
		{97DB495A-034F-4FE2-8859-CD4EBE0797FB}.Release|x64.Build.0 = Release|Any CPU
		{3F1B4182-0557-4249-9818-3779D2F82B4F}.Debug|Any CPU.ActiveCfg = Debug|Any CPU
		{3F1B4182-0557-4249-9818-3779D2F82B4F}.Debug|Any CPU.Build.0 = Debug|Any CPU
		{3F1B4182-0557-4249-9818-3779D2F82B4F}.Debug|x64.ActiveCfg = Debug|x64
		{3F1B4182-0557-4249-9818-3779D2F82B4F}.Debug|x64.Build.0 = Debug|x64
		{3F1B4182-0557-4249-9818-3779D2F82B4F}.Release|Any CPU.ActiveCfg = Release|Any CPU
		{3F1B4182-0557-4249-9818-3779D2F82B4F}.Release|Any CPU.Build.0 = Release|Any CPU
		{3F1B4182-0557-4249-9818-3779D2F82B4F}.Release|x64.ActiveCfg = Release|Any CPU
		{3F1B4182-0557-4249-9818-3779D2F82B4F}.Release|x64.Build.0 = Release|Any CPU
		{5BBFA590-2134-49E5-966F-1701062F0422}.Debug|Any CPU.ActiveCfg = Debug|Any CPU
		{5BBFA590-2134-49E5-966F-1701062F0422}.Debug|Any CPU.Build.0 = Debug|Any CPU
		{5BBFA590-2134-49E5-966F-1701062F0422}.Debug|x64.ActiveCfg = Debug|x64
		{5BBFA590-2134-49E5-966F-1701062F0422}.Debug|x64.Build.0 = Debug|x64
		{5BBFA590-2134-49E5-966F-1701062F0422}.Release|Any CPU.ActiveCfg = Release|Any CPU
		{5BBFA590-2134-49E5-966F-1701062F0422}.Release|Any CPU.Build.0 = Release|Any CPU
		{5BBFA590-2134-49E5-966F-1701062F0422}.Release|x64.ActiveCfg = Release|Any CPU
		{5BBFA590-2134-49E5-966F-1701062F0422}.Release|x64.Build.0 = Release|Any CPU
		{39C20E8F-5CD7-44BE-A071-396E53194E5B}.Debug|Any CPU.ActiveCfg = Debug|Win32
		{39C20E8F-5CD7-44BE-A071-396E53194E5B}.Debug|x64.ActiveCfg = Debug|x64
		{39C20E8F-5CD7-44BE-A071-396E53194E5B}.Debug|x64.Build.0 = Debug|x64
		{39C20E8F-5CD7-44BE-A071-396E53194E5B}.Release|Any CPU.ActiveCfg = Release|Win32
		{39C20E8F-5CD7-44BE-A071-396E53194E5B}.Release|x64.ActiveCfg = Release|x64
		{39C20E8F-5CD7-44BE-A071-396E53194E5B}.Release|x64.Build.0 = Release|x64
		{02715B70-E639-4405-A07E-BED28CE17471}.Debug|Any CPU.ActiveCfg = Debug|Win32
		{02715B70-E639-4405-A07E-BED28CE17471}.Debug|x64.ActiveCfg = Debug|x64
		{02715B70-E639-4405-A07E-BED28CE17471}.Debug|x64.Build.0 = Debug|x64
		{02715B70-E639-4405-A07E-BED28CE17471}.Release|Any CPU.ActiveCfg = Release|Win32
		{02715B70-E639-4405-A07E-BED28CE17471}.Release|x64.ActiveCfg = Release|x64
		{02715B70-E639-4405-A07E-BED28CE17471}.Release|x64.Build.0 = Release|x64
		{D681E5E6-A21C-41AF-B24F-965A583175C6}.Debug|Any CPU.ActiveCfg = Debug|Any CPU
		{D681E5E6-A21C-41AF-B24F-965A583175C6}.Debug|Any CPU.Build.0 = Debug|Any CPU
		{D681E5E6-A21C-41AF-B24F-965A583175C6}.Debug|x64.ActiveCfg = Debug|Any CPU
		{D681E5E6-A21C-41AF-B24F-965A583175C6}.Debug|x64.Build.0 = Debug|Any CPU
		{D681E5E6-A21C-41AF-B24F-965A583175C6}.Release|Any CPU.ActiveCfg = Release|Any CPU
		{D681E5E6-A21C-41AF-B24F-965A583175C6}.Release|Any CPU.Build.0 = Release|Any CPU
		{D681E5E6-A21C-41AF-B24F-965A583175C6}.Release|x64.ActiveCfg = Release|Any CPU
		{D681E5E6-A21C-41AF-B24F-965A583175C6}.Release|x64.Build.0 = Release|Any CPU
	EndGlobalSection
	GlobalSection(SolutionProperties) = preSolution
		HideSolutionNode = FALSE
	EndGlobalSection
	GlobalSection(NestedProjects) = preSolution
		{0D6DA285-0D90-4797-A3E8-4B08096D098C} = {36EF0E14-73FC-487F-9E21-BEB161C07FAD}
		{67E83BA0-BE49-4652-B6DC-A05EEF4AE977} = {36EF0E14-73FC-487F-9E21-BEB161C07FAD}
	EndGlobalSection
EndGlobal
